
Microsoft Visual Studio Solution File, Format Version 12.00
# Visual Studio Version 17
VisualStudioVersion = 17.3.32819.101
MinimumVisualStudioVersion = 10.0.40219.1
Project("{FAE04EC0-301F-11D3-BF4B-00C04F79EFBC}") = "SqlServer.Logger", "SqlServer.Profiler\SqlServer.Logger.csproj", "{74D3E3A1-9DBC-4880-841C-FA5583611A73}"
EndProject
Project("{FAE04EC0-301F-11D3-BF4B-00C04F79EFBC}") = "SqlServer.Common", "SqlServer.Common\SqlServer.Common.csproj", "{6B15233C-4392-44F8-BEDA-286DB1A59E3E}"
EndProject
Global
	GlobalSection(SolutionConfigurationPlatforms) = preSolution
		Debug|Any CPU = Debug|Any CPU
		Release|Any CPU = Release|Any CPU
	EndGlobalSection
	GlobalSection(ProjectConfigurationPlatforms) = postSolution
		{74D3E3A1-9DBC-4880-841C-FA5583611A73}.Debug|Any CPU.ActiveCfg = Debug|Any CPU
		{74D3E3A1-9DBC-4880-841C-FA5583611A73}.Debug|Any CPU.Build.0 = Debug|Any CPU
		{74D3E3A1-9DBC-4880-841C-FA5583611A73}.Release|Any CPU.ActiveCfg = Release|Any CPU
		{74D3E3A1-9DBC-4880-841C-FA5583611A73}.Release|Any CPU.Build.0 = Release|Any CPU
		{6B15233C-4392-44F8-BEDA-286DB1A59E3E}.Debug|Any CPU.ActiveCfg = Debug|Any CPU
		{6B15233C-4392-44F8-BEDA-286DB1A59E3E}.Debug|Any CPU.Build.0 = Debug|Any CPU
		{6B15233C-4392-44F8-BEDA-286DB1A59E3E}.Release|Any CPU.ActiveCfg = Release|Any CPU
		{6B15233C-4392-44F8-BEDA-286DB1A59E3E}.Release|Any CPU.Build.0 = Release|Any CPU
	EndGlobalSection
	GlobalSection(SolutionProperties) = preSolution
		HideSolutionNode = FALSE
	EndGlobalSection
	GlobalSection(ExtensibilityGlobals) = postSolution
		SolutionGuid = {6E96AA8A-586D-441D-AC41-EF04DF55F97B}
	EndGlobalSection
EndGlobal
